// !$*UTF8*$!
{
	archiveVersion = 1;
	classes = {
	};
	objectVersion = 60;
	objects = {

/* Begin PBXBuildFile section */
		4F0169792A7F164C0080DF70 /* Main.storyboard in Resources */ = {isa = PBXBuildFile; fileRef = 4F0169772A7F164C0080DF70 /* Main.storyboard */; };
		4F01697E2A7F164D0080DF70 /* Assets.xcassets in Resources */ = {isa = PBXBuildFile; fileRef = 4F01697D2A7F164D0080DF70 /* Assets.xcassets */; };
		4F0169812A7F164D0080DF70 /* LaunchScreen.storyboard in Resources */ = {isa = PBXBuildFile; fileRef = 4F01697F2A7F164D0080DF70 /* LaunchScreen.storyboard */; };
		4F01698C2A7F164D0080DF70 /* Speaks_AITests.swift in Sources */ = {isa = PBXBuildFile; fileRef = 4F01698B2A7F164D0080DF70 /* Speaks_AITests.swift */; };
		4F0169962A7F164D0080DF70 /* Speaks_AIUITests.swift in Sources */ = {isa = PBXBuildFile; fileRef = 4F0169952A7F164D0080DF70 /* Speaks_AIUITests.swift */; };
		4F0169982A7F164D0080DF70 /* Speaks_AIUITestsLaunchTests.swift in Sources */ = {isa = PBXBuildFile; fileRef = 4F0169972A7F164D0080DF70 /* Speaks_AIUITestsLaunchTests.swift */; };
		4F018C5A2B55863700AA9AAD /* Bakin' Dat Pizza.wav in Resources */ = {isa = PBXBuildFile; fileRef = 4F018C592B55863700AA9AAD /* Bakin' Dat Pizza.wav */; };
		4F073E442AF319CE00623681 /* Omit.wav in Resources */ = {isa = PBXBuildFile; fileRef = 4F073E432AF319CE00623681 /* Omit.wav */; };
		4F073E542AF31D3600623681 /* ATL Night Rain.wav in Resources */ = {isa = PBXBuildFile; fileRef = 4F073E532AF31D3600623681 /* ATL Night Rain.wav */; };
		4F073E582AF31E3500623681 /* Missile Hit.wav in Resources */ = {isa = PBXBuildFile; fileRef = 4F073E572AF31E3500623681 /* Missile Hit.wav */; };
		4F073E602AF3207900623681 /* Pizza Deluxe.wav in Resources */ = {isa = PBXBuildFile; fileRef = 4F073E5F2AF3207900623681 /* Pizza Deluxe.wav */; };
		4F073E622AF323B800623681 /* Nuclear Ending.wav in Resources */ = {isa = PBXBuildFile; fileRef = 4F073E612AF323B800623681 /* Nuclear Ending.wav */; };
		4F073E642AF3241900623681 /* Soda Sea Mine.wav in Resources */ = {isa = PBXBuildFile; fileRef = 4F073E632AF3241900623681 /* Soda Sea Mine.wav */; };
		4F0931252A8570E0007B782A /* Selected.wav in Resources */ = {isa = PBXBuildFile; fileRef = 4F0931242A8570E0007B782A /* Selected.wav */; };
		4F12A2CB2B53110700509DEA /* ComputerAlert.wav in Resources */ = {isa = PBXBuildFile; fileRef = 4F12A2CA2B53110700509DEA /* ComputerAlert.wav */; };
		4F12A2D72B53132200509DEA /* All Chromed Out.mp3 in Resources */ = {isa = PBXBuildFile; fileRef = 4F12A2D12B53132200509DEA /* All Chromed Out.mp3 */; };
		4F12A2DA2B53132200509DEA /* Supreme Commander.mp3 in Resources */ = {isa = PBXBuildFile; fileRef = 4F12A2D42B53132200509DEA /* Supreme Commander.mp3 */; };
		4F12A2DB2B53132200509DEA /* Neutrophil SWAT Alert.mp3 in Resources */ = {isa = PBXBuildFile; fileRef = 4F12A2D52B53132200509DEA /* Neutrophil SWAT Alert.mp3 */; };
		4F15CFC62AA938A100525964 /* Volume.gif in Resources */ = {isa = PBXBuildFile; fileRef = 4F15CFC52AA938A100525964 /* Volume.gif */; };
		4F18CAD52B8B97BF00DE53F5 /* Fart.mp3 in Resources */ = {isa = PBXBuildFile; fileRef = 4F18CAD42B8B97BF00DE53F5 /* Fart.mp3 */; };
		4F18CAD72B8BD48200DE53F5 /* Carbonation Buzzed Up.wav in Resources */ = {isa = PBXBuildFile; fileRef = 4F18CAD62B8BD48200DE53F5 /* Carbonation Buzzed Up.wav */; };
		4F18CAD92B8BD80D00DE53F5 /* Space Race.mp3 in Resources */ = {isa = PBXBuildFile; fileRef = 4F18CAD82B8BD80D00DE53F5 /* Space Race.mp3 */; };
		4F1E378B2B6822AD006DC211 /* Wine Glass.wav in Resources */ = {isa = PBXBuildFile; fileRef = 4F1E378A2B6822AD006DC211 /* Wine Glass.wav */; };
		4F1E378D2B682389006DC211 /* Astral Melt.wav in Resources */ = {isa = PBXBuildFile; fileRef = 4F1E378C2B682389006DC211 /* Astral Melt.wav */; };
		4F1E378F2B684D00006DC211 /* TagurLogo.gif in Resources */ = {isa = PBXBuildFile; fileRef = 4F1E378E2B684D00006DC211 /* TagurLogo.gif */; };
		4F1E7AB72B98CB19003B0B83 /* Rainbow Chromium Finish.wav in Resources */ = {isa = PBXBuildFile; fileRef = 4F1E7AB62B98CB18003B0B83 /* Rainbow Chromium Finish.wav */; };
		4F1E7AB92B98CB98003B0B83 /* 👁️‍🗨️.wav in Resources */ = {isa = PBXBuildFile; fileRef = 4F1E7AB82B98CB98003B0B83 /* 👁️‍🗨️.wav */; };
		4F206EA52B88421100F8C61B /* Blue Waters.mp3 in Resources */ = {isa = PBXBuildFile; fileRef = 4F206EA42B88421000F8C61B /* Blue Waters.mp3 */; };
		4F20DA612B89901E00131EA3 /* Pour Drank.wav in Resources */ = {isa = PBXBuildFile; fileRef = 4F20DA602B89901E00131EA3 /* Pour Drank.wav */; };
		4F20DA632B89905500131EA3 /* Ice.wav in Resources */ = {isa = PBXBuildFile; fileRef = 4F20DA622B89905500131EA3 /* Ice.wav */; };
		4F20DA652B89929A00131EA3 /* Gyat Chonki-Lonki Party Butt Bounce.wav in Resources */ = {isa = PBXBuildFile; fileRef = 4F20DA642B89929A00131EA3 /* Gyat Chonki-Lonki Party Butt Bounce.wav */; };
		4F20DA692B8993BF00131EA3 /* Coming Near You.wav in Resources */ = {isa = PBXBuildFile; fileRef = 4F20DA682B8993BF00131EA3 /* Coming Near You.wav */; };
		4F20DA6F2B8995FC00131EA3 /* Big Purr.wav in Resources */ = {isa = PBXBuildFile; fileRef = 4F20DA6E2B8995FC00131EA3 /* Big Purr.wav */; };
		4F3A6BA22B8A3AD800BCD616 /* Book burn, discredit,  gas light.wav in Resources */ = {isa = PBXBuildFile; fileRef = 4F3A6BA12B8A3AD800BCD616 /* Book burn, discredit,  gas light.wav */; };
		4F4FCF672AFBDB4C0011E62B /* Disco.gif in Resources */ = {isa = PBXBuildFile; fileRef = 4F4FCF662AFBDB4C0011E62B /* Disco.gif */; };
		4F528E282BAE199E00BBB47B /* ASTRAL_ZERO.gif in Resources */ = {isa = PBXBuildFile; fileRef = 4F528E272BAE199D00BBB47B /* ASTRAL_ZERO.gif */; };
		4F528E2C2BAE1B8400BBB47B /* ASTRAL_MEDIUM.gif in Resources */ = {isa = PBXBuildFile; fileRef = 4F528E2B2BAE1B8400BBB47B /* ASTRAL_MEDIUM.gif */; };
		4F528E3A2BAE268300BBB47B /* ASTRAL_RISING.gif in Resources */ = {isa = PBXBuildFile; fileRef = 4F528E392BAE268300BBB47B /* ASTRAL_RISING.gif */; };
		4F528E3C2BAE26F000BBB47B /* ASTRAL_OPTIMAL.gif in Resources */ = {isa = PBXBuildFile; fileRef = 4F528E3B2BAE26F000BBB47B /* ASTRAL_OPTIMAL.gif */; };
		4F528E3E2BAE28C600BBB47B /* ASTRAL_LOW.gif in Resources */ = {isa = PBXBuildFile; fileRef = 4F528E3D2BAE28C600BBB47B /* ASTRAL_LOW.gif */; };
		4F5F49BA2B4C959800530610 /* Speaks_AI.xcdatamodeld in Sources */ = {isa = PBXBuildFile; fileRef = 4F5F49B82B4C959700530610 /* Speaks_AI.xcdatamodeld */; };
		4F6D3AAE2B8EDE170000BEC0 /* Night Snow Cleats.mp3 in Resources */ = {isa = PBXBuildFile; fileRef = 4F6D3AAD2B8EDE170000BEC0 /* Night Snow Cleats.mp3 */; };
		4F77421A2AF81E8C00466505 /* Pleased Observing Mantid.wav in Resources */ = {isa = PBXBuildFile; fileRef = 4F7742192AF81E8C00466505 /* Pleased Observing Mantid.wav */; };
		4F77421E2AF81F0000466505 /* Green Lime, Sour Pink Splash.wav in Resources */ = {isa = PBXBuildFile; fileRef = 4F77421D2AF81F0000466505 /* Green Lime, Sour Pink Splash.wav */; };
		4F7742222AF820F300466505 /* Loading Productive Ammo.wav in Resources */ = {isa = PBXBuildFile; fileRef = 4F7742212AF820F200466505 /* Loading Productive Ammo.wav */; };
		4F7742242AF8215800466505 /* Pink Gladiate Soda.wav in Resources */ = {isa = PBXBuildFile; fileRef = 4F7742232AF8215700466505 /* Pink Gladiate Soda.wav */; };
		4F77422A2AF8228600466505 /* Ready for Takeoff.wav in Resources */ = {isa = PBXBuildFile; fileRef = 4F7742292AF8228600466505 /* Ready for Takeoff.wav */; };
		4F77422C2AF8234400466505 /* Барыня.wav in Resources */ = {isa = PBXBuildFile; fileRef = 4F77422B2AF8234400466505 /* Барыня.wav */; };
		4F82876E2B961E1E00651F85 /* Gold for Galactic Drinks.wav in Resources */ = {isa = PBXBuildFile; fileRef = 4F82876D2B961E1E00651F85 /* Gold for Galactic Drinks.wav */; };
		4F87BB332B8597FB00DD093B /* shuffle.wav in Resources */ = {isa = PBXBuildFile; fileRef = 4F87BB322B8597FB00DD093B /* shuffle.wav */; };
		4F9309482AB0EB2C00E9BFAB /* Telepathy.wav in Resources */ = {isa = PBXBuildFile; fileRef = 4F9309472AB0EB2B00E9BFAB /* Telepathy.wav */; };
		4F9636FD2BCC1E0F001446F8 /* Cashes.swift in Sources */ = {isa = PBXBuildFile; fileRef = 4F9636FC2BCC1E0F001446F8 /* Cashes.swift */; };
		4FA93FD82B8259C7000CA4C4 /* Type Ship.wav in Resources */ = {isa = PBXBuildFile; fileRef = 4FA93FD72B8259C7000CA4C4 /* Type Ship.wav */; };
		4FAFBCA32A818B9200F848F5 /* Laser.mp3 in Resources */ = {isa = PBXBuildFile; fileRef = 4FAFBCA22A818B9200F848F5 /* Laser.mp3 */; };
		4FB1F1262BCB4F49000A09F9 /* Shopping.swift in Sources */ = {isa = PBXBuildFile; fileRef = 4FB1F1062BCB4E09000A09F9 /* Shopping.swift */; };
		4FB1F1272BCB4F49000A09F9 /* Animated.swift in Sources */ = {isa = PBXBuildFile; fileRef = 4FB1F1002BCB4E09000A09F9 /* Animated.swift */; };
		4FB1F1282BCB4F49000A09F9 /* SceneDelegate.swift in Sources */ = {isa = PBXBuildFile; fileRef = 4FB1F1252BCB4EC9000A09F9 /* SceneDelegate.swift */; };
		4FB1F1292BCB4F49000A09F9 /* Repeat.swift in Sources */ = {isa = PBXBuildFile; fileRef = 4FB1F1242BCB4EC9000A09F9 /* Repeat.swift */; };
		4FB1F12A2BCB4F49000A09F9 /* AppDelegate.swift in Sources */ = {isa = PBXBuildFile; fileRef = 4FB1F1012BCB4E09000A09F9 /* AppDelegate.swift */; };
		4FB1F12B2BCB4F49000A09F9 /* Main.swift in Sources */ = {isa = PBXBuildFile; fileRef = 4FB1F1022BCB4E09000A09F9 /* Main.swift */; };
		4FB1F12C2BCB4F49000A09F9 /* Soda_Gradient.swift in Sources */ = {isa = PBXBuildFile; fileRef = 4FB1F1072BCB4E09000A09F9 /* Soda_Gradient.swift */; };
		4FB2AAA32B117D42003D336C /* The Primal Dexxacon.gif in Resources */ = {isa = PBXBuildFile; fileRef = 4FB2AAA22B117D42003D336C /* The Primal Dexxacon.gif */; };
		4FBB654E2B8A79EC0075EBB0 /* Productive Prep.mp3 in Resources */ = {isa = PBXBuildFile; fileRef = 4FBB654D2B8A79EC0075EBB0 /* Productive Prep.mp3 */; };
		4FBB65502B8A7AED0075EBB0 /* Water Lurk.wav in Resources */ = {isa = PBXBuildFile; fileRef = 4FBB654F2B8A7AED0075EBB0 /* Water Lurk.wav */; };
		4FBD77032B50B2CC00DB7DF5 /* Seductress.gif in Resources */ = {isa = PBXBuildFile; fileRef = 4FBD77022B50B2CB00DB7DF5 /* Seductress.gif */; };
		4FC018392BC2DA0500580265 /* Astrally Slipped Out.mp3 in Resources */ = {isa = PBXBuildFile; fileRef = 4FC018382BC2DA0500580265 /* Astrally Slipped Out.mp3 */; };
		4FC0183B2BC2DA1400580265 /* Paranormal Starship.mp3 in Resources */ = {isa = PBXBuildFile; fileRef = 4FC0183A2BC2DA1400580265 /* Paranormal Starship.mp3 */; };
		4FC0183D2BC2DA2200580265 /* DROID DOGLET.mp3 in Resources */ = {isa = PBXBuildFile; fileRef = 4FC0183C2BC2DA2200580265 /* DROID DOGLET.mp3 */; };
		4FC0183F2BC2DA3200580265 /* SOUR CUBES.mp3 in Resources */ = {isa = PBXBuildFile; fileRef = 4FC0183E2BC2DA3200580265 /* SOUR CUBES.mp3 */; };
		4FC018412BC2DA4F00580265 /* Logos.jpg in Resources */ = {isa = PBXBuildFile; fileRef = 4FC018402BC2DA4F00580265 /* Logos.jpg */; };
		4FC4995F2A8062C900ACC494 /* Scribble.gif in Resources */ = {isa = PBXBuildFile; fileRef = 4FC4995E2A8062C900ACC494 /* Scribble.gif */; };
		4FC994002B5197E900C53D0E /* Chalkboard.wav in Resources */ = {isa = PBXBuildFile; fileRef = 4FC993FF2B5197E900C53D0E /* Chalkboard.wav */; };
		4FD5E8182B8D583600558742 /* Sunday.gif in Resources */ = {isa = PBXBuildFile; fileRef = 4FD5E8172B8D583600558742 /* Sunday.gif */; };
		4FED9B192AB8FB1700B84552 /* Sparkling Status Signal.mp3 in Resources */ = {isa = PBXBuildFile; fileRef = 4FED9B182AB8FB1700B84552 /* Sparkling Status Signal.mp3 */; };
		4FED9B232AB905FD00B84552 /* Miss Computer Email.mp3 in Resources */ = {isa = PBXBuildFile; fileRef = 4FED9B222AB905FD00B84552 /* Miss Computer Email.mp3 */; };
		4FED9B252AB9068C00B84552 /* Cybernetic Models.mp3 in Resources */ = {isa = PBXBuildFile; fileRef = 4FED9B242AB9068C00B84552 /* Cybernetic Models.mp3 */; };
		4FEFED772B20C518003B44A7 /* @*!+-R.wav in Resources */ = {isa = PBXBuildFile; fileRef = 4FEFED762B20C517003B44A7 /* @*!+-R.wav */; };
		4FFAFA282BAF830100EDC16F /* Sketches_Valid.gif in Resources */ = {isa = PBXBuildFile; fileRef = 4FFAFA272BAF830100EDC16F /* Sketches_Valid.gif */; };
		4FFAFA2A2BAF830500EDC16F /* SketchesRED.gif in Resources */ = {isa = PBXBuildFile; fileRef = 4FFAFA292BAF830500EDC16F /* SketchesRED.gif */; };
/* End PBXBuildFile section */

/* Begin PBXContainerItemProxy section */
		4F0169882A7F164D0080DF70 /* PBXContainerItemProxy */ = {
			isa = PBXContainerItemProxy;
			containerPortal = 4F0169662A7F164C0080DF70 /* Project object */;
			proxyType = 1;
			remoteGlobalIDString = 4F01696D2A7F164C0080DF70;
			remoteInfo = "Speaks AI";
		};
		4F0169922A7F164D0080DF70 /* PBXContainerItemProxy */ = {
			isa = PBXContainerItemProxy;
			containerPortal = 4F0169662A7F164C0080DF70 /* Project object */;
			proxyType = 1;
			remoteGlobalIDString = 4F01696D2A7F164C0080DF70;
			remoteInfo = "Speaks AI";
		};
/* End PBXContainerItemProxy section */

/* Begin PBXFileReference section */
		4F01696E2A7F164C0080DF70 /* Sparkling List.app */ = {isa = PBXFileReference; explicitFileType = wrapper.application; includeInIndex = 0; path = "Sparkling List.app"; sourceTree = BUILT_PRODUCTS_DIR; };
		4F0169782A7F164C0080DF70 /* Base */ = {isa = PBXFileReference; lastKnownFileType = file.storyboard; name = Base; path = Base.lproj/Main.storyboard; sourceTree = "<group>"; };
		4F01697D2A7F164D0080DF70 /* Assets.xcassets */ = {isa = PBXFileReference; lastKnownFileType = folder.assetcatalog; path = Assets.xcassets; sourceTree = "<group>"; };
		4F0169802A7F164D0080DF70 /* Base */ = {isa = PBXFileReference; lastKnownFileType = file.storyboard; name = Base; path = Base.lproj/LaunchScreen.storyboard; sourceTree = "<group>"; };
		4F0169822A7F164D0080DF70 /* Info.plist */ = {isa = PBXFileReference; lastKnownFileType = text.plist.xml; path = Info.plist; sourceTree = "<group>"; };
		4F0169872A7F164D0080DF70 /* Sparkling ListTests.xctest */ = {isa = PBXFileReference; explicitFileType = wrapper.cfbundle; includeInIndex = 0; path = "Sparkling ListTests.xctest"; sourceTree = BUILT_PRODUCTS_DIR; };
		4F01698B2A7F164D0080DF70 /* Speaks_AITests.swift */ = {isa = PBXFileReference; lastKnownFileType = sourcecode.swift; path = Speaks_AITests.swift; sourceTree = "<group>"; };
		4F0169912A7F164D0080DF70 /* Sparkling ListUITests.xctest */ = {isa = PBXFileReference; explicitFileType = wrapper.cfbundle; includeInIndex = 0; path = "Sparkling ListUITests.xctest"; sourceTree = BUILT_PRODUCTS_DIR; };
		4F0169952A7F164D0080DF70 /* Speaks_AIUITests.swift */ = {isa = PBXFileReference; lastKnownFileType = sourcecode.swift; path = Speaks_AIUITests.swift; sourceTree = "<group>"; };
		4F0169972A7F164D0080DF70 /* Speaks_AIUITestsLaunchTests.swift */ = {isa = PBXFileReference; lastKnownFileType = sourcecode.swift; path = Speaks_AIUITestsLaunchTests.swift; sourceTree = "<group>"; };
		4F018C592B55863700AA9AAD /* Bakin' Dat Pizza.wav */ = {isa = PBXFileReference; lastKnownFileType = audio.wav; path = "Bakin' Dat Pizza.wav"; sourceTree = "<group>"; };
		4F073E432AF319CE00623681 /* Omit.wav */ = {isa = PBXFileReference; lastKnownFileType = audio.wav; path = Omit.wav; sourceTree = "<group>"; };
		4F073E532AF31D3600623681 /* ATL Night Rain.wav */ = {isa = PBXFileReference; lastKnownFileType = audio.wav; path = "ATL Night Rain.wav"; sourceTree = "<group>"; };
		4F073E572AF31E3500623681 /* Missile Hit.wav */ = {isa = PBXFileReference; lastKnownFileType = audio.wav; path = "Missile Hit.wav"; sourceTree = "<group>"; };
		4F073E5F2AF3207900623681 /* Pizza Deluxe.wav */ = {isa = PBXFileReference; lastKnownFileType = audio.wav; path = "Pizza Deluxe.wav"; sourceTree = "<group>"; };
		4F073E612AF323B800623681 /* Nuclear Ending.wav */ = {isa = PBXFileReference; lastKnownFileType = audio.wav; path = "Nuclear Ending.wav"; sourceTree = "<group>"; };
		4F073E632AF3241900623681 /* Soda Sea Mine.wav */ = {isa = PBXFileReference; lastKnownFileType = audio.wav; path = "Soda Sea Mine.wav"; sourceTree = "<group>"; };
		4F0931242A8570E0007B782A /* Selected.wav */ = {isa = PBXFileReference; lastKnownFileType = audio.wav; path = Selected.wav; sourceTree = "<group>"; };
		4F12A2CA2B53110700509DEA /* ComputerAlert.wav */ = {isa = PBXFileReference; lastKnownFileType = audio.wav; path = ComputerAlert.wav; sourceTree = "<group>"; };
		4F12A2D12B53132200509DEA /* All Chromed Out.mp3 */ = {isa = PBXFileReference; lastKnownFileType = audio.mp3; path = "All Chromed Out.mp3"; sourceTree = "<group>"; };
		4F12A2D42B53132200509DEA /* Supreme Commander.mp3 */ = {isa = PBXFileReference; lastKnownFileType = audio.mp3; path = "Supreme Commander.mp3"; sourceTree = "<group>"; };
		4F12A2D52B53132200509DEA /* Neutrophil SWAT Alert.mp3 */ = {isa = PBXFileReference; lastKnownFileType = audio.mp3; path = "Neutrophil SWAT Alert.mp3"; sourceTree = "<group>"; };
		4F15CFC52AA938A100525964 /* Volume.gif */ = {isa = PBXFileReference; lastKnownFileType = image.gif; path = Volume.gif; sourceTree = "<group>"; };
		4F18CAD42B8B97BF00DE53F5 /* Fart.mp3 */ = {isa = PBXFileReference; lastKnownFileType = audio.mp3; name = Fart.mp3; path = "Speaks AI/Sparkling List/Fart.mp3"; sourceTree = SOURCE_ROOT; };
		4F18CAD62B8BD48200DE53F5 /* Carbonation Buzzed Up.wav */ = {isa = PBXFileReference; lastKnownFileType = audio.wav; path = "Carbonation Buzzed Up.wav"; sourceTree = "<group>"; };
		4F18CAD82B8BD80D00DE53F5 /* Space Race.mp3 */ = {isa = PBXFileReference; lastKnownFileType = audio.mp3; path = "Space Race.mp3"; sourceTree = "<group>"; };
		4F1E378A2B6822AD006DC211 /* Wine Glass.wav */ = {isa = PBXFileReference; lastKnownFileType = audio.wav; path = "Wine Glass.wav"; sourceTree = "<group>"; };
		4F1E378C2B682389006DC211 /* Astral Melt.wav */ = {isa = PBXFileReference; lastKnownFileType = audio.wav; path = "Astral Melt.wav"; sourceTree = "<group>"; };
		4F1E378E2B684D00006DC211 /* TagurLogo.gif */ = {isa = PBXFileReference; lastKnownFileType = image.gif; path = TagurLogo.gif; sourceTree = "<group>"; };
		4F1E37902B685AF0006DC211 /* SwiftUI.framework */ = {isa = PBXFileReference; lastKnownFileType = wrapper.framework; name = SwiftUI.framework; path = System/Library/Frameworks/SwiftUI.framework; sourceTree = SDKROOT; };
		4F1E7AB62B98CB18003B0B83 /* Rainbow Chromium Finish.wav */ = {isa = PBXFileReference; lastKnownFileType = audio.wav; name = "Rainbow Chromium Finish.wav"; path = "../../../../../Downloads/Rainbow Chromium Finish.wav"; sourceTree = "<group>"; };
		4F1E7AB82B98CB98003B0B83 /* 👁️‍🗨️.wav */ = {isa = PBXFileReference; lastKnownFileType = audio.wav; name = "👁️‍🗨️.wav"; path = "../../../../../Downloads/👁️‍🗨️.wav"; sourceTree = "<group>"; };
		4F206EA42B88421000F8C61B /* Blue Waters.mp3 */ = {isa = PBXFileReference; lastKnownFileType = audio.mp3; path = "Blue Waters.mp3"; sourceTree = "<group>"; };
		4F20DA602B89901E00131EA3 /* Pour Drank.wav */ = {isa = PBXFileReference; lastKnownFileType = audio.wav; path = "Pour Drank.wav"; sourceTree = "<group>"; };
		4F20DA622B89905500131EA3 /* Ice.wav */ = {isa = PBXFileReference; lastKnownFileType = audio.wav; path = Ice.wav; sourceTree = "<group>"; };
		4F20DA642B89929A00131EA3 /* Gyat Chonki-Lonki Party Butt Bounce.wav */ = {isa = PBXFileReference; lastKnownFileType = audio.wav; path = "Gyat Chonki-Lonki Party Butt Bounce.wav"; sourceTree = "<group>"; };
		4F20DA682B8993BF00131EA3 /* Coming Near You.wav */ = {isa = PBXFileReference; lastKnownFileType = audio.wav; path = "Coming Near You.wav"; sourceTree = "<group>"; };
		4F20DA6E2B8995FC00131EA3 /* Big Purr.wav */ = {isa = PBXFileReference; lastKnownFileType = audio.wav; path = "Big Purr.wav"; sourceTree = "<group>"; };
		4F3A6BA12B8A3AD800BCD616 /* Book burn, discredit,  gas light.wav */ = {isa = PBXFileReference; lastKnownFileType = audio.wav; path = "Book burn, discredit,  gas light.wav"; sourceTree = "<group>"; };
		4F438C6C2A97C4860084319E /* Visual AssistExtension.appex */ = {isa = PBXFileReference; explicitFileType = "wrapper.app-extension"; includeInIndex = 0; path = "Visual AssistExtension.appex"; sourceTree = BUILT_PRODUCTS_DIR; };
		4F4FCF662AFBDB4C0011E62B /* Disco.gif */ = {isa = PBXFileReference; lastKnownFileType = image.gif; path = Disco.gif; sourceTree = "<group>"; };
		4F528E272BAE199D00BBB47B /* ASTRAL_ZERO.gif */ = {isa = PBXFileReference; lastKnownFileType = image.gif; name = ASTRAL_ZERO.gif; path = ../../../../PIXELS/ASTRAL_ZERO.gif; sourceTree = "<group>"; };
		4F528E2B2BAE1B8400BBB47B /* ASTRAL_MEDIUM.gif */ = {isa = PBXFileReference; lastKnownFileType = image.gif; name = ASTRAL_MEDIUM.gif; path = ../../../../PIXELS/ASTRAL_MEDIUM.gif; sourceTree = "<group>"; };
		4F528E392BAE268300BBB47B /* ASTRAL_RISING.gif */ = {isa = PBXFileReference; lastKnownFileType = image.gif; name = ASTRAL_RISING.gif; path = ../../../../PIXELS/ASTRAL_RISING.gif; sourceTree = "<group>"; };
		4F528E3B2BAE26F000BBB47B /* ASTRAL_OPTIMAL.gif */ = {isa = PBXFileReference; lastKnownFileType = image.gif; name = ASTRAL_OPTIMAL.gif; path = ../../../../PIXELS/ASTRAL_OPTIMAL.gif; sourceTree = "<group>"; };
		4F528E3D2BAE28C600BBB47B /* ASTRAL_LOW.gif */ = {isa = PBXFileReference; lastKnownFileType = image.gif; name = ASTRAL_LOW.gif; path = ../../../../PIXELS/ASTRAL_LOW.gif; sourceTree = "<group>"; };
		4F5F49B92B4C959700530610 /* Speaks_AI.xcdatamodel */ = {isa = PBXFileReference; lastKnownFileType = wrapper.xcdatamodel; path = Speaks_AI.xcdatamodel; sourceTree = "<group>"; };
		4F6D3AAD2B8EDE170000BEC0 /* Night Snow Cleats.mp3 */ = {isa = PBXFileReference; lastKnownFileType = audio.mp3; path = "Night Snow Cleats.mp3"; sourceTree = "<group>"; };
		4F7742192AF81E8C00466505 /* Pleased Observing Mantid.wav */ = {isa = PBXFileReference; lastKnownFileType = audio.wav; path = "Pleased Observing Mantid.wav"; sourceTree = "<group>"; };
		4F77421D2AF81F0000466505 /* Green Lime, Sour Pink Splash.wav */ = {isa = PBXFileReference; lastKnownFileType = audio.wav; path = "Green Lime, Sour Pink Splash.wav"; sourceTree = "<group>"; };
		4F7742212AF820F200466505 /* Loading Productive Ammo.wav */ = {isa = PBXFileReference; lastKnownFileType = audio.wav; path = "Loading Productive Ammo.wav"; sourceTree = "<group>"; };
		4F7742232AF8215700466505 /* Pink Gladiate Soda.wav */ = {isa = PBXFileReference; lastKnownFileType = audio.wav; path = "Pink Gladiate Soda.wav"; sourceTree = "<group>"; };
		4F7742292AF8228600466505 /* Ready for Takeoff.wav */ = {isa = PBXFileReference; lastKnownFileType = audio.wav; path = "Ready for Takeoff.wav"; sourceTree = "<group>"; };
		4F77422B2AF8234400466505 /* Барыня.wav */ = {isa = PBXFileReference; lastKnownFileType = audio.wav; path = "Барыня.wav"; sourceTree = "<group>"; };
		4F82876D2B961E1E00651F85 /* Gold for Galactic Drinks.wav */ = {isa = PBXFileReference; lastKnownFileType = audio.wav; path = "Gold for Galactic Drinks.wav"; sourceTree = "<group>"; };
		4F87BB322B8597FB00DD093B /* shuffle.wav */ = {isa = PBXFileReference; lastKnownFileType = audio.wav; path = shuffle.wav; sourceTree = "<group>"; };
		4F9309472AB0EB2B00E9BFAB /* Telepathy.wav */ = {isa = PBXFileReference; lastKnownFileType = audio.wav; path = Telepathy.wav; sourceTree = "<group>"; };
		4F9636FC2BCC1E0F001446F8 /* Cashes.swift */ = {isa = PBXFileReference; lastKnownFileType = sourcecode.swift; path = Cashes.swift; sourceTree = "<group>"; };
		4FA93FD72B8259C7000CA4C4 /* Type Ship.wav */ = {isa = PBXFileReference; lastKnownFileType = audio.wav; path = "Type Ship.wav"; sourceTree = "<group>"; };
		4FAFBCA22A818B9200F848F5 /* Laser.mp3 */ = {isa = PBXFileReference; lastKnownFileType = audio.mp3; path = Laser.mp3; sourceTree = "<group>"; };
		4FB1F1002BCB4E09000A09F9 /* Animated.swift */ = {isa = PBXFileReference; lastKnownFileType = sourcecode.swift; path = Animated.swift; sourceTree = "<group>"; };
		4FB1F1012BCB4E09000A09F9 /* AppDelegate.swift */ = {isa = PBXFileReference; lastKnownFileType = sourcecode.swift; path = AppDelegate.swift; sourceTree = "<group>"; };
		4FB1F1022BCB4E09000A09F9 /* Main.swift */ = {isa = PBXFileReference; lastKnownFileType = sourcecode.swift; path = Main.swift; sourceTree = "<group>"; };
		4FB1F1062BCB4E09000A09F9 /* Shopping.swift */ = {isa = PBXFileReference; lastKnownFileType = sourcecode.swift; path = Shopping.swift; sourceTree = "<group>"; };
		4FB1F1072BCB4E09000A09F9 /* Soda_Gradient.swift */ = {isa = PBXFileReference; lastKnownFileType = sourcecode.swift; path = Soda_Gradient.swift; sourceTree = "<group>"; };
		4FB1F1242BCB4EC9000A09F9 /* Repeat.swift */ = {isa = PBXFileReference; lastKnownFileType = sourcecode.swift; path = Repeat.swift; sourceTree = "<group>"; };
		4FB1F1252BCB4EC9000A09F9 /* SceneDelegate.swift */ = {isa = PBXFileReference; lastKnownFileType = sourcecode.swift; path = SceneDelegate.swift; sourceTree = "<group>"; };
		4FB2AAA22B117D42003D336C /* The Primal Dexxacon.gif */ = {isa = PBXFileReference; lastKnownFileType = image.gif; path = "The Primal Dexxacon.gif"; sourceTree = "<group>"; };
		4FBB654D2B8A79EC0075EBB0 /* Productive Prep.mp3 */ = {isa = PBXFileReference; lastKnownFileType = audio.mp3; path = "Productive Prep.mp3"; sourceTree = "<group>"; };
		4FBB654F2B8A7AED0075EBB0 /* Water Lurk.wav */ = {isa = PBXFileReference; lastKnownFileType = audio.wav; path = "Water Lurk.wav"; sourceTree = "<group>"; };
		4FBD77022B50B2CB00DB7DF5 /* Seductress.gif */ = {isa = PBXFileReference; lastKnownFileType = image.gif; path = Seductress.gif; sourceTree = "<group>"; };
		4FC018382BC2DA0500580265 /* Astrally Slipped Out.mp3 */ = {isa = PBXFileReference; lastKnownFileType = audio.mp3; name = "Astrally Slipped Out.mp3"; path = "../../../../PIXELS/Astrally Slipped Out.mp3"; sourceTree = "<group>"; };
		4FC0183A2BC2DA1400580265 /* Paranormal Starship.mp3 */ = {isa = PBXFileReference; lastKnownFileType = audio.mp3; name = "Paranormal Starship.mp3"; path = "../../../../PIXELS/Paranormal Starship.mp3"; sourceTree = "<group>"; };
		4FC0183C2BC2DA2200580265 /* DROID DOGLET.mp3 */ = {isa = PBXFileReference; lastKnownFileType = audio.mp3; name = "DROID DOGLET.mp3"; path = "../../../../PIXELS/DROID DOGLET.mp3"; sourceTree = "<group>"; };
		4FC0183E2BC2DA3200580265 /* SOUR CUBES.mp3 */ = {isa = PBXFileReference; lastKnownFileType = audio.mp3; name = "SOUR CUBES.mp3"; path = "../../../../PIXELS/SOUR CUBES.mp3"; sourceTree = "<group>"; };
		4FC018402BC2DA4F00580265 /* Logos.jpg */ = {isa = PBXFileReference; lastKnownFileType = image.jpeg; name = Logos.jpg; path = ../../../../PIXELS/Logos.jpg; sourceTree = "<group>"; };
		4FC4995E2A8062C900ACC494 /* Scribble.gif */ = {isa = PBXFileReference; lastKnownFileType = image.gif; path = Scribble.gif; sourceTree = "<group>"; };
		4FC993FF2B5197E900C53D0E /* Chalkboard.wav */ = {isa = PBXFileReference; lastKnownFileType = audio.wav; path = Chalkboard.wav; sourceTree = "<group>"; };
		4FD479742AFDAF0B001D7848 /* Speaks AI.entitlements */ = {isa = PBXFileReference; lastKnownFileType = text.plist.entitlements; path = "Speaks AI.entitlements"; sourceTree = "<group>"; };
		4FD5E8172B8D583600558742 /* Sunday.gif */ = {isa = PBXFileReference; lastKnownFileType = image.gif; name = Sunday.gif; path = ../../../../PIXELS/Sunday.gif; sourceTree = "<group>"; };
		4FDF4AD62BBE40F0009FEC16 /* Sparkling List.entitlements */ = {isa = PBXFileReference; lastKnownFileType = text.plist.entitlements; path = "Sparkling List.entitlements"; sourceTree = "<group>"; };
		4FED9B182AB8FB1700B84552 /* Sparkling Status Signal.mp3 */ = {isa = PBXFileReference; lastKnownFileType = audio.mp3; path = "Sparkling Status Signal.mp3"; sourceTree = "<group>"; };
		4FED9B222AB905FD00B84552 /* Miss Computer Email.mp3 */ = {isa = PBXFileReference; lastKnownFileType = audio.mp3; path = "Miss Computer Email.mp3"; sourceTree = "<group>"; };
		4FED9B242AB9068C00B84552 /* Cybernetic Models.mp3 */ = {isa = PBXFileReference; lastKnownFileType = audio.mp3; path = "Cybernetic Models.mp3"; sourceTree = "<group>"; };
		4FEFED762B20C517003B44A7 /* @*!+-R.wav */ = {isa = PBXFileReference; lastKnownFileType = audio.wav; path = "@*!+-R.wav"; sourceTree = "<group>"; };
		4FFAFA272BAF830100EDC16F /* Sketches_Valid.gif */ = {isa = PBXFileReference; lastKnownFileType = image.gif; name = Sketches_Valid.gif; path = "../../../../PIXELS/AppIcons-2/Sketches_Valid.gif"; sourceTree = "<group>"; };
		4FFAFA292BAF830500EDC16F /* SketchesRED.gif */ = {isa = PBXFileReference; lastKnownFileType = image.gif; name = SketchesRED.gif; path = "../../../../PIXELS/AppIcons-2/SketchesRED.gif"; sourceTree = "<group>"; };
/* End PBXFileReference section */

/* Begin PBXFrameworksBuildPhase section */
		4F01696B2A7F164C0080DF70 /* Frameworks */ = {
			isa = PBXFrameworksBuildPhase;
			buildActionMask = 2147483647;
			files = (
			);
			runOnlyForDeploymentPostprocessing = 0;
		};
		4F0169842A7F164D0080DF70 /* Frameworks */ = {
			isa = PBXFrameworksBuildPhase;
			buildActionMask = 2147483647;
			files = (
			);
			runOnlyForDeploymentPostprocessing = 0;
		};
		4F01698E2A7F164D0080DF70 /* Frameworks */ = {
			isa = PBXFrameworksBuildPhase;
			buildActionMask = 2147483647;
			files = (
			);
			runOnlyForDeploymentPostprocessing = 0;
		};
		4F438C692A97C4860084319E /* Frameworks */ = {
			isa = PBXFrameworksBuildPhase;
			buildActionMask = 2147483647;
			files = (
			);
			runOnlyForDeploymentPostprocessing = 0;
		};
/* End PBXFrameworksBuildPhase section */

/* Begin PBXGroup section */
		4F0169652A7F164C0080DF70 = {
			isa = PBXGroup;
			children = (
				4FDF4AD62BBE40F0009FEC16 /* Sparkling List.entitlements */,
				4F0169702A7F164C0080DF70 /* Speaks AI */,
				4F01698A2A7F164D0080DF70 /* Speaks AITests */,
				4F0169942A7F164D0080DF70 /* Speaks AIUITests */,
				4F01696F2A7F164C0080DF70 /* Products */,
			);
			sourceTree = "<group>";
		};
		4F01696F2A7F164C0080DF70 /* Products */ = {
			isa = PBXGroup;
			children = (
				4F01696E2A7F164C0080DF70 /* Sparkling List.app */,
				4F0169872A7F164D0080DF70 /* Sparkling ListTests.xctest */,
				4F0169912A7F164D0080DF70 /* Sparkling ListUITests.xctest */,
				4F438C6C2A97C4860084319E /* Visual AssistExtension.appex */,
			);
			name = Products;
			sourceTree = "<group>";
		};
		4F0169702A7F164C0080DF70 /* Speaks AI */ = {
			isa = PBXGroup;
			children = (
				4FB1F12D2BCB4F86000A09F9 /* Sparkling Logic */,
				4FE1FC6A2B5301AD00F81903 /* Deletion Sounds */,
				4FE1FC642B53015D00F81903 /* Soundtrack */,
				4FE1FC6D2B5301F900F81903 /* Visuals */,
				4F2A98152B696FC700BF2B97 /* EXTRAS */,
				4F0169822A7F164D0080DF70 /* Info.plist */,
				4F01697D2A7F164D0080DF70 /* Assets.xcassets */,
				4F5F49B82B4C959700530610 /* Speaks_AI.xcdatamodeld */,
			);
			path = "Speaks AI";
			sourceTree = "<group>";
		};
		4F01698A2A7F164D0080DF70 /* Speaks AITests */ = {
			isa = PBXGroup;
			children = (
				4F01698B2A7F164D0080DF70 /* Speaks_AITests.swift */,
			);
			path = "Speaks AITests";
			sourceTree = "<group>";
		};
		4F0169942A7F164D0080DF70 /* Speaks AIUITests */ = {
			isa = PBXGroup;
			children = (
				4F1E37902B685AF0006DC211 /* SwiftUI.framework */,
				4F0169952A7F164D0080DF70 /* Speaks_AIUITests.swift */,
				4F0169972A7F164D0080DF70 /* Speaks_AIUITestsLaunchTests.swift */,
			);
			path = "Speaks AIUITests";
			sourceTree = "<group>";
		};
		4F2A98152B696FC700BF2B97 /* EXTRAS */ = {
			isa = PBXGroup;
			children = (
				4F0169772A7F164C0080DF70 /* Main.storyboard */,
				4F01697F2A7F164D0080DF70 /* LaunchScreen.storyboard */,
				4FD479742AFDAF0B001D7848 /* Speaks AI.entitlements */,
			);
			path = EXTRAS;
			sourceTree = "<group>";
		};
		4FB1F12D2BCB4F86000A09F9 /* Sparkling Logic */ = {
			isa = PBXGroup;
			children = (
				4FB1F1002BCB4E09000A09F9 /* Animated.swift */,
				4FB1F1012BCB4E09000A09F9 /* AppDelegate.swift */,
				4FB1F1022BCB4E09000A09F9 /* Main.swift */,
				4FB1F1242BCB4EC9000A09F9 /* Repeat.swift */,
				4FB1F1252BCB4EC9000A09F9 /* SceneDelegate.swift */,
				4FB1F1062BCB4E09000A09F9 /* Shopping.swift */,
				4FB1F1072BCB4E09000A09F9 /* Soda_Gradient.swift */,
				4F9636FC2BCC1E0F001446F8 /* Cashes.swift */,
			);
			path = "Sparkling Logic";
			sourceTree = "<group>";
		};
		4FE1FC642B53015D00F81903 /* Soundtrack */ = {
			isa = PBXGroup;
			children = (
				4FC0183E2BC2DA3200580265 /* SOUR CUBES.mp3 */,
				4FC0183C2BC2DA2200580265 /* DROID DOGLET.mp3 */,
				4FC0183A2BC2DA1400580265 /* Paranormal Starship.mp3 */,
				4FC018382BC2DA0500580265 /* Astrally Slipped Out.mp3 */,
				4F6D3AAD2B8EDE170000BEC0 /* Night Snow Cleats.mp3 */,
				4F18CAD82B8BD80D00DE53F5 /* Space Race.mp3 */,
				4F206EA42B88421000F8C61B /* Blue Waters.mp3 */,
				4F12A2D52B53132200509DEA /* Neutrophil SWAT Alert.mp3 */,
				4F12A2D42B53132200509DEA /* Supreme Commander.mp3 */,
				4F12A2D12B53132200509DEA /* All Chromed Out.mp3 */,
			);
			path = Soundtrack;
			sourceTree = "<group>";
		};
		4FE1FC6A2B5301AD00F81903 /* Deletion Sounds */ = {
			isa = PBXGroup;
			children = (
				4F1E7AB82B98CB98003B0B83 /* 👁️‍🗨️.wav */,
				4F1E7AB62B98CB18003B0B83 /* Rainbow Chromium Finish.wav */,
				4F82876D2B961E1E00651F85 /* Gold for Galactic Drinks.wav */,
				4F18CAD62B8BD48200DE53F5 /* Carbonation Buzzed Up.wav */,
				4F18CAD42B8B97BF00DE53F5 /* Fart.mp3 */,
				4FBB654F2B8A7AED0075EBB0 /* Water Lurk.wav */,
				4FBB654D2B8A79EC0075EBB0 /* Productive Prep.mp3 */,
				4F3A6BA12B8A3AD800BCD616 /* Book burn, discredit,  gas light.wav */,
				4F20DA6E2B8995FC00131EA3 /* Big Purr.wav */,
				4F20DA682B8993BF00131EA3 /* Coming Near You.wav */,
				4F20DA642B89929A00131EA3 /* Gyat Chonki-Lonki Party Butt Bounce.wav */,
				4F20DA622B89905500131EA3 /* Ice.wav */,
				4F20DA602B89901E00131EA3 /* Pour Drank.wav */,
				4F87BB322B8597FB00DD093B /* shuffle.wav */,
				4F1E378C2B682389006DC211 /* Astral Melt.wav */,
				4F1E378A2B6822AD006DC211 /* Wine Glass.wav */,
				4F12A2CA2B53110700509DEA /* ComputerAlert.wav */,
				4F9309472AB0EB2B00E9BFAB /* Telepathy.wav */,
				4F0931242A8570E0007B782A /* Selected.wav */,
				4F073E532AF31D3600623681 /* ATL Night Rain.wav */,
				4F018C592B55863700AA9AAD /* Bakin' Dat Pizza.wav */,
				4F7742232AF8215700466505 /* Pink Gladiate Soda.wav */,
				4FEFED762B20C517003B44A7 /* @*!+-R.wav */,
				4FC993FF2B5197E900C53D0E /* Chalkboard.wav */,
				4FED9B242AB9068C00B84552 /* Cybernetic Models.mp3 */,
				4F7742192AF81E8C00466505 /* Pleased Observing Mantid.wav */,
				4FAFBCA22A818B9200F848F5 /* Laser.mp3 */,
				4F7742212AF820F200466505 /* Loading Productive Ammo.wav */,
				4FED9B222AB905FD00B84552 /* Miss Computer Email.mp3 */,
				4F073E572AF31E3500623681 /* Missile Hit.wav */,
				4F073E612AF323B800623681 /* Nuclear Ending.wav */,
				4F073E432AF319CE00623681 /* Omit.wav */,
				4F7742292AF8228600466505 /* Ready for Takeoff.wav */,
				4F073E632AF3241900623681 /* Soda Sea Mine.wav */,
				4FED9B182AB8FB1700B84552 /* Sparkling Status Signal.mp3 */,
				4F77421D2AF81F0000466505 /* Green Lime, Sour Pink Splash.wav */,
				4F073E5F2AF3207900623681 /* Pizza Deluxe.wav */,
				4F77422B2AF8234400466505 /* Барыня.wav */,
				4FA93FD72B8259C7000CA4C4 /* Type Ship.wav */,
			);
			path = "Deletion Sounds";
			sourceTree = "<group>";
		};
		4FE1FC6D2B5301F900F81903 /* Visuals */ = {
			isa = PBXGroup;
			children = (
				4F528E3B2BAE26F000BBB47B /* ASTRAL_OPTIMAL.gif */,
				4F528E392BAE268300BBB47B /* ASTRAL_RISING.gif */,
				4F528E2B2BAE1B8400BBB47B /* ASTRAL_MEDIUM.gif */,
				4F528E3D2BAE28C600BBB47B /* ASTRAL_LOW.gif */,
				4F528E272BAE199D00BBB47B /* ASTRAL_ZERO.gif */,
				4FC018402BC2DA4F00580265 /* Logos.jpg */,
				4FFAFA272BAF830100EDC16F /* Sketches_Valid.gif */,
				4FFAFA292BAF830500EDC16F /* SketchesRED.gif */,
				4FD5E8172B8D583600558742 /* Sunday.gif */,
				4F1E378E2B684D00006DC211 /* TagurLogo.gif */,
				4F4FCF662AFBDB4C0011E62B /* Disco.gif */,
				4FBD77022B50B2CB00DB7DF5 /* Seductress.gif */,
				4FB2AAA22B117D42003D336C /* The Primal Dexxacon.gif */,
				4FC4995E2A8062C900ACC494 /* Scribble.gif */,
				4F15CFC52AA938A100525964 /* Volume.gif */,
			);
			path = Visuals;
			sourceTree = "<group>";
		};
/* End PBXGroup section */

/* Begin PBXNativeTarget section */
		4F01696D2A7F164C0080DF70 /* Sparkling List */ = {
			isa = PBXNativeTarget;
			buildConfigurationList = 4F01699B2A7F164D0080DF70 /* Build configuration list for PBXNativeTarget "Sparkling List" */;
			buildPhases = (
				4F01696A2A7F164C0080DF70 /* Sources */,
				4F01696B2A7F164C0080DF70 /* Frameworks */,
				4F01696C2A7F164C0080DF70 /* Resources */,
				4F82876F2B97665000651F85 /* Run Script */,
			);
			buildRules = (
			);
			dependencies = (
			);
			name = "Sparkling List";
			packageProductDependencies = (
			);
			productName = "Speaks AI";
			productReference = 4F01696E2A7F164C0080DF70 /* Sparkling List.app */;
			productType = "com.apple.product-type.application";
		};
		4F0169862A7F164D0080DF70 /* Sparkling ListTests */ = {
			isa = PBXNativeTarget;
			buildConfigurationList = 4F01699E2A7F164D0080DF70 /* Build configuration list for PBXNativeTarget "Sparkling ListTests" */;
			buildPhases = (
				4F0169832A7F164D0080DF70 /* Sources */,
				4F0169842A7F164D0080DF70 /* Frameworks */,
				4F0169852A7F164D0080DF70 /* Resources */,
			);
			buildRules = (
			);
			dependencies = (
				4F0169892A7F164D0080DF70 /* PBXTargetDependency */,
			);
			name = "Sparkling ListTests";
			productName = "Speaks AITests";
			productReference = 4F0169872A7F164D0080DF70 /* Sparkling ListTests.xctest */;
			productType = "com.apple.product-type.bundle.unit-test";
		};
		4F0169902A7F164D0080DF70 /* Sparkling ListUITests */ = {
			isa = PBXNativeTarget;
			buildConfigurationList = 4F0169A12A7F164D0080DF70 /* Build configuration list for PBXNativeTarget "Sparkling ListUITests" */;
			buildPhases = (
				4F01698D2A7F164D0080DF70 /* Sources */,
				4F01698E2A7F164D0080DF70 /* Frameworks */,
				4F01698F2A7F164D0080DF70 /* Resources */,
			);
			buildRules = (
			);
			dependencies = (
				4F0169932A7F164D0080DF70 /* PBXTargetDependency */,
			);
			name = "Sparkling ListUITests";
			productName = "Speaks AIUITests";
			productReference = 4F0169912A7F164D0080DF70 /* Sparkling ListUITests.xctest */;
			productType = "com.apple.product-type.bundle.ui-testing";
		};
		4F438C6B2A97C4860084319E /* Visual AssistExtension */ = {
			isa = PBXNativeTarget;
			buildConfigurationList = 4F438C852A97C4880084319E /* Build configuration list for PBXNativeTarget "Visual AssistExtension" */;
			buildPhases = (
				4F438C682A97C4860084319E /* Sources */,
				4F438C692A97C4860084319E /* Frameworks */,
				4F438C6A2A97C4860084319E /* Resources */,
			);
			buildRules = (
			);
			dependencies = (
			);
			name = "Visual AssistExtension";
			productName = "Visual AssistExtension";
			productReference = 4F438C6C2A97C4860084319E /* Visual AssistExtension.appex */;
			productType = "com.apple.product-type.app-extension";
		};
/* End PBXNativeTarget section */

/* Begin PBXProject section */
		4F0169662A7F164C0080DF70 /* Project object */ = {
			isa = PBXProject;
			attributes = {
				BuildIndependentTargetsInParallel = 1;
				LastSwiftUpdateCheck = 1430;
				LastUpgradeCheck = 1500;
				TargetAttributes = {
					4F01696D2A7F164C0080DF70 = {
						CreatedOnToolsVersion = 14.3.1;
					};
					4F0169862A7F164D0080DF70 = {
						CreatedOnToolsVersion = 14.3.1;
						TestTargetID = 4F01696D2A7F164C0080DF70;
					};
					4F0169902A7F164D0080DF70 = {
						CreatedOnToolsVersion = 14.3.1;
						TestTargetID = 4F01696D2A7F164C0080DF70;
					};
					4F438C6B2A97C4860084319E = {
						CreatedOnToolsVersion = 14.3.1;
					};
				};
			};
			buildConfigurationList = 4F0169692A7F164C0080DF70 /* Build configuration list for PBXProject "Sparkling List" */;
			compatibilityVersion = "Xcode 14.0";
			developmentRegion = en;
			hasScannedForEncodings = 0;
			knownRegions = (
				en,
				Base,
			);
			mainGroup = 4F0169652A7F164C0080DF70;
			packageReferences = (
				4F8287742B97777400651F85 /* XCRemoteSwiftPackageReference "PythonKit" */,
				4F06F1B32B97A0E4001C76F5 /* XCLocalSwiftPackageReference "" */,
				4FEED1A02B991CDF0014AB68 /* XCRemoteSwiftPackageReference "SQLite.swift" */,
				4F442D542B9FCF74008DA1DA /* XCRemoteSwiftPackageReference "AudioKit" */,
				4FDF4AD32BBE2F7F009FEC16 /* XCRemoteSwiftPackageReference "qonversion-ios-sdk" */,
			);
			productRefGroup = 4F01696F2A7F164C0080DF70 /* Products */;
			projectDirPath = "";
			projectRoot = "";
			targets = (
				4F01696D2A7F164C0080DF70 /* Sparkling List */,
				4F0169862A7F164D0080DF70 /* Sparkling ListTests */,
				4F0169902A7F164D0080DF70 /* Sparkling ListUITests */,
				4F438C6B2A97C4860084319E /* Visual AssistExtension */,
			);
		};
/* End PBXProject section */

/* Begin PBXResourcesBuildPhase section */
		4F01696C2A7F164C0080DF70 /* Resources */ = {
			isa = PBXResourcesBuildPhase;
			buildActionMask = 2147483647;
			files = (
				4FC018412BC2DA4F00580265 /* Logos.jpg in Resources */,
				4F20DA612B89901E00131EA3 /* Pour Drank.wav in Resources */,
				4F7742222AF820F300466505 /* Loading Productive Ammo.wav in Resources */,
				4F528E3A2BAE268300BBB47B /* ASTRAL_RISING.gif in Resources */,
				4FB2AAA32B117D42003D336C /* The Primal Dexxacon.gif in Resources */,
				4F20DA692B8993BF00131EA3 /* Coming Near You.wav in Resources */,
				4F073E602AF3207900623681 /* Pizza Deluxe.wav in Resources */,
				4F12A2D72B53132200509DEA /* All Chromed Out.mp3 in Resources */,
				4F1E378F2B684D00006DC211 /* TagurLogo.gif in Resources */,
				4F4FCF672AFBDB4C0011E62B /* Disco.gif in Resources */,
				4FC018392BC2DA0500580265 /* Astrally Slipped Out.mp3 in Resources */,
				4FED9B252AB9068C00B84552 /* Cybernetic Models.mp3 in Resources */,
				4F12A2CB2B53110700509DEA /* ComputerAlert.wav in Resources */,
				4FFAFA2A2BAF830500EDC16F /* SketchesRED.gif in Resources */,
				4F9309482AB0EB2C00E9BFAB /* Telepathy.wav in Resources */,
				4F77422A2AF8228600466505 /* Ready for Takeoff.wav in Resources */,
				4FFAFA282BAF830100EDC16F /* Sketches_Valid.gif in Resources */,
				4F77421E2AF81F0000466505 /* Green Lime, Sour Pink Splash.wav in Resources */,
				4F15CFC62AA938A100525964 /* Volume.gif in Resources */,
				4FBB65502B8A7AED0075EBB0 /* Water Lurk.wav in Resources */,
				4F77422C2AF8234400466505 /* Барыня.wav in Resources */,
				4F0931252A8570E0007B782A /* Selected.wav in Resources */,
				4F12A2DA2B53132200509DEA /* Supreme Commander.mp3 in Resources */,
				4FBD77032B50B2CC00DB7DF5 /* Seductress.gif in Resources */,
				4F18CAD52B8B97BF00DE53F5 /* Fart.mp3 in Resources */,
				4FC4995F2A8062C900ACC494 /* Scribble.gif in Resources */,
				4F87BB332B8597FB00DD093B /* shuffle.wav in Resources */,
				4F1E7AB72B98CB19003B0B83 /* Rainbow Chromium Finish.wav in Resources */,
				4F073E582AF31E3500623681 /* Missile Hit.wav in Resources */,
				4FC0183B2BC2DA1400580265 /* Paranormal Starship.mp3 in Resources */,
				4F073E622AF323B800623681 /* Nuclear Ending.wav in Resources */,
				4FED9B232AB905FD00B84552 /* Miss Computer Email.mp3 in Resources */,
				4FED9B192AB8FB1700B84552 /* Sparkling Status Signal.mp3 in Resources */,
				4F073E442AF319CE00623681 /* Omit.wav in Resources */,
				4F018C5A2B55863700AA9AAD /* Bakin' Dat Pizza.wav in Resources */,
				4F528E282BAE199E00BBB47B /* ASTRAL_ZERO.gif in Resources */,
				4F20DA6F2B8995FC00131EA3 /* Big Purr.wav in Resources */,
				4F3A6BA22B8A3AD800BCD616 /* Book burn, discredit,  gas light.wav in Resources */,
				4F073E542AF31D3600623681 /* ATL Night Rain.wav in Resources */,
				4F0169812A7F164D0080DF70 /* LaunchScreen.storyboard in Resources */,
				4F82876E2B961E1E00651F85 /* Gold for Galactic Drinks.wav in Resources */,
				4F01697E2A7F164D0080DF70 /* Assets.xcassets in Resources */,
				4F12A2DB2B53132200509DEA /* Neutrophil SWAT Alert.mp3 in Resources */,
				4F18CAD72B8BD48200DE53F5 /* Carbonation Buzzed Up.wav in Resources */,
				4F0169792A7F164C0080DF70 /* Main.storyboard in Resources */,
				4F1E378B2B6822AD006DC211 /* Wine Glass.wav in Resources */,
				4FA93FD82B8259C7000CA4C4 /* Type Ship.wav in Resources */,
				4FC0183F2BC2DA3200580265 /* SOUR CUBES.mp3 in Resources */,
				4FBB654E2B8A79EC0075EBB0 /* Productive Prep.mp3 in Resources */,
				4F528E3C2BAE26F000BBB47B /* ASTRAL_OPTIMAL.gif in Resources */,
				4FD5E8182B8D583600558742 /* Sunday.gif in Resources */,
				4F7742242AF8215800466505 /* Pink Gladiate Soda.wav in Resources */,
				4F528E2C2BAE1B8400BBB47B /* ASTRAL_MEDIUM.gif in Resources */,
				4FAFBCA32A818B9200F848F5 /* Laser.mp3 in Resources */,
				4F206EA52B88421100F8C61B /* Blue Waters.mp3 in Resources */,
				4F20DA652B89929A00131EA3 /* Gyat Chonki-Lonki Party Butt Bounce.wav in Resources */,
				4F073E642AF3241900623681 /* Soda Sea Mine.wav in Resources */,
				4FC994002B5197E900C53D0E /* Chalkboard.wav in Resources */,
				4F1E378D2B682389006DC211 /* Astral Melt.wav in Resources */,
				4FEFED772B20C518003B44A7 /* @*!+-R.wav in Resources */,
				4F528E3E2BAE28C600BBB47B /* ASTRAL_LOW.gif in Resources */,
				4F77421A2AF81E8C00466505 /* Pleased Observing Mantid.wav in Resources */,
				4F18CAD92B8BD80D00DE53F5 /* Space Race.mp3 in Resources */,
				4F1E7AB92B98CB98003B0B83 /* 👁️‍🗨️.wav in Resources */,
				4F6D3AAE2B8EDE170000BEC0 /* Night Snow Cleats.mp3 in Resources */,
				4F20DA632B89905500131EA3 /* Ice.wav in Resources */,
				4FC0183D2BC2DA2200580265 /* DROID DOGLET.mp3 in Resources */,
			);
			runOnlyForDeploymentPostprocessing = 0;
		};
		4F0169852A7F164D0080DF70 /* Resources */ = {
			isa = PBXResourcesBuildPhase;
			buildActionMask = 2147483647;
			files = (
			);
			runOnlyForDeploymentPostprocessing = 0;
		};
		4F01698F2A7F164D0080DF70 /* Resources */ = {
			isa = PBXResourcesBuildPhase;
			buildActionMask = 2147483647;
			files = (
			);
			runOnlyForDeploymentPostprocessing = 0;
		};
		4F438C6A2A97C4860084319E /* Resources */ = {
			isa = PBXResourcesBuildPhase;
			buildActionMask = 2147483647;
			files = (
			);
			runOnlyForDeploymentPostprocessing = 0;
		};
/* End PBXResourcesBuildPhase section */

/* Begin PBXShellScriptBuildPhase section */
		4F82876F2B97665000651F85 /* Run Script */ = {
			isa = PBXShellScriptBuildPhase;
			buildActionMask = 8;
			files = (
			);
			inputFileListPaths = (
			);
			inputPaths = (
			);
			name = "Run Script";
			outputFileListPaths = (
			);
			outputPaths = (
			);
			runOnlyForDeploymentPostprocessing = 1;
			shellPath = /bin/sh;
			shellScript = "# Type a script or drag a script file from your workspace to insert its path.\n/Users/ialvector/Desktop/Speaks AI/Speaks AI/Sparkling_List.py\n";
		};
/* End PBXShellScriptBuildPhase section */

/* Begin PBXSourcesBuildPhase section */
		4F01696A2A7F164C0080DF70 /* Sources */ = {
			isa = PBXSourcesBuildPhase;
			buildActionMask = 2147483647;
			files = (
				4FB1F12A2BCB4F49000A09F9 /* AppDelegate.swift in Sources */,
				4FB1F1292BCB4F49000A09F9 /* Repeat.swift in Sources */,
				4FB1F12C2BCB4F49000A09F9 /* Soda_Gradient.swift in Sources */,
				4F5F49BA2B4C959800530610 /* Speaks_AI.xcdatamodeld in Sources */,
				4FB1F1272BCB4F49000A09F9 /* Animated.swift in Sources */,
				4F9636FD2BCC1E0F001446F8 /* Cashes.swift in Sources */,
				4FB1F1262BCB4F49000A09F9 /* Shopping.swift in Sources */,
				4FB1F12B2BCB4F49000A09F9 /* Main.swift in Sources */,
				4FB1F1282BCB4F49000A09F9 /* SceneDelegate.swift in Sources */,
			);
			runOnlyForDeploymentPostprocessing = 0;
		};
		4F0169832A7F164D0080DF70 /* Sources */ = {
			isa = PBXSourcesBuildPhase;
			buildActionMask = 2147483647;
			files = (
				4F01698C2A7F164D0080DF70 /* Speaks_AITests.swift in Sources */,
			);
			runOnlyForDeploymentPostprocessing = 0;
		};
		4F01698D2A7F164D0080DF70 /* Sources */ = {
			isa = PBXSourcesBuildPhase;
			buildActionMask = 2147483647;
			files = (
				4F0169962A7F164D0080DF70 /* Speaks_AIUITests.swift in Sources */,
				4F0169982A7F164D0080DF70 /* Speaks_AIUITestsLaunchTests.swift in Sources */,
			);
			runOnlyForDeploymentPostprocessing = 0;
		};
		4F438C682A97C4860084319E /* Sources */ = {
			isa = PBXSourcesBuildPhase;
			buildActionMask = 2147483647;
			files = (
			);
			runOnlyForDeploymentPostprocessing = 0;
		};
/* End PBXSourcesBuildPhase section */

/* Begin PBXTargetDependency section */
		4F0169892A7F164D0080DF70 /* PBXTargetDependency */ = {
			isa = PBXTargetDependency;
			target = 4F01696D2A7F164C0080DF70 /* Sparkling List */;
			targetProxy = 4F0169882A7F164D0080DF70 /* PBXContainerItemProxy */;
		};
		4F0169932A7F164D0080DF70 /* PBXTargetDependency */ = {
			isa = PBXTargetDependency;
			target = 4F01696D2A7F164C0080DF70 /* Sparkling List */;
			targetProxy = 4F0169922A7F164D0080DF70 /* PBXContainerItemProxy */;
		};
/* End PBXTargetDependency section */

/* Begin PBXVariantGroup section */
		4F0169772A7F164C0080DF70 /* Main.storyboard */ = {
			isa = PBXVariantGroup;
			children = (
				4F0169782A7F164C0080DF70 /* Base */,
			);
			name = Main.storyboard;
			sourceTree = "<group>";
		};
		4F01697F2A7F164D0080DF70 /* LaunchScreen.storyboard */ = {
			isa = PBXVariantGroup;
			children = (
				4F0169802A7F164D0080DF70 /* Base */,
			);
			name = LaunchScreen.storyboard;
			sourceTree = "<group>";
		};
/* End PBXVariantGroup section */

/* Begin XCBuildConfiguration section */
		4F0169992A7F164D0080DF70 /* Debug */ = {
			isa = XCBuildConfiguration;
			buildSettings = {
				ALWAYS_SEARCH_USER_PATHS = NO;
				CLANG_ANALYZER_NONNULL = YES;
				CLANG_ANALYZER_NUMBER_OBJECT_CONVERSION = YES_AGGRESSIVE;
				CLANG_CXX_LANGUAGE_STANDARD = "gnu++20";
				CLANG_ENABLE_MODULES = YES;
				CLANG_ENABLE_OBJC_ARC = YES;
				CLANG_ENABLE_OBJC_WEAK = YES;
				CLANG_WARN_BLOCK_CAPTURE_AUTORELEASING = YES;
				CLANG_WARN_BOOL_CONVERSION = YES;
				CLANG_WARN_COMMA = YES;
				CLANG_WARN_CONSTANT_CONVERSION = YES;
				CLANG_WARN_DEPRECATED_OBJC_IMPLEMENTATIONS = YES;
				CLANG_WARN_DIRECT_OBJC_ISA_USAGE = YES_ERROR;
				CLANG_WARN_DOCUMENTATION_COMMENTS = YES;
				CLANG_WARN_EMPTY_BODY = YES;
				CLANG_WARN_ENUM_CONVERSION = YES;
				CLANG_WARN_INFINITE_RECURSION = YES;
				CLANG_WARN_INT_CONVERSION = YES;
				CLANG_WARN_NON_LITERAL_NULL_CONVERSION = YES;
				CLANG_WARN_OBJC_IMPLICIT_RETAIN_SELF = YES;
				CLANG_WARN_OBJC_LITERAL_CONVERSION = YES;
				CLANG_WARN_OBJC_ROOT_CLASS = YES_ERROR;
				CLANG_WARN_QUOTED_INCLUDE_IN_FRAMEWORK_HEADER = YES;
				CLANG_WARN_RANGE_LOOP_ANALYSIS = YES;
				CLANG_WARN_STRICT_PROTOTYPES = YES;
				CLANG_WARN_SUSPICIOUS_MOVE = YES;
				CLANG_WARN_UNGUARDED_AVAILABILITY = YES_AGGRESSIVE;
				CLANG_WARN_UNREACHABLE_CODE = YES;
				CLANG_WARN__DUPLICATE_METHOD_MATCH = YES;
				COPY_PHASE_STRIP = NO;
				DEBUG_INFORMATION_FORMAT = dwarf;
				ENABLE_STRICT_OBJC_MSGSEND = YES;
				ENABLE_TESTABILITY = YES;
				ENABLE_USER_SCRIPT_SANDBOXING = YES;
				GCC_C_LANGUAGE_STANDARD = gnu11;
				GCC_DYNAMIC_NO_PIC = NO;
				GCC_NO_COMMON_BLOCKS = YES;
				GCC_OPTIMIZATION_LEVEL = 0;
				GCC_PREPROCESSOR_DEFINITIONS = (
					"DEBUG=1",
					"$(inherited)",
				);
				GCC_WARN_64_TO_32_BIT_CONVERSION = YES;
				GCC_WARN_ABOUT_RETURN_TYPE = YES_ERROR;
				GCC_WARN_UNDECLARED_SELECTOR = YES;
				GCC_WARN_UNINITIALIZED_AUTOS = YES_AGGRESSIVE;
				GCC_WARN_UNUSED_FUNCTION = YES;
				GCC_WARN_UNUSED_VARIABLE = YES;
				IPHONEOS_DEPLOYMENT_TARGET = 16.0;
				MTL_ENABLE_DEBUG_INFO = INCLUDE_SOURCE;
				MTL_FAST_MATH = YES;
				ONLY_ACTIVE_ARCH = YES;
				SDKROOT = iphoneos;
				SWIFT_ACTIVE_COMPILATION_CONDITIONS = DEBUG;
				SWIFT_OPTIMIZATION_LEVEL = "-Onone";
			};
			name = Debug;
		};
		4F01699A2A7F164D0080DF70 /* Release */ = {
			isa = XCBuildConfiguration;
			buildSettings = {
				ALWAYS_SEARCH_USER_PATHS = NO;
				CLANG_ANALYZER_NONNULL = YES;
				CLANG_ANALYZER_NUMBER_OBJECT_CONVERSION = YES_AGGRESSIVE;
				CLANG_CXX_LANGUAGE_STANDARD = "gnu++20";
				CLANG_ENABLE_MODULES = YES;
				CLANG_ENABLE_OBJC_ARC = YES;
				CLANG_ENABLE_OBJC_WEAK = YES;
				CLANG_WARN_BLOCK_CAPTURE_AUTORELEASING = YES;
				CLANG_WARN_BOOL_CONVERSION = YES;
				CLANG_WARN_COMMA = YES;
				CLANG_WARN_CONSTANT_CONVERSION = YES;
				CLANG_WARN_DEPRECATED_OBJC_IMPLEMENTATIONS = YES;
				CLANG_WARN_DIRECT_OBJC_ISA_USAGE = YES_ERROR;
				CLANG_WARN_DOCUMENTATION_COMMENTS = YES;
				CLANG_WARN_EMPTY_BODY = YES;
				CLANG_WARN_ENUM_CONVERSION = YES;
				CLANG_WARN_INFINITE_RECURSION = YES;
				CLANG_WARN_INT_CONVERSION = YES;
				CLANG_WARN_NON_LITERAL_NULL_CONVERSION = YES;
				CLANG_WARN_OBJC_IMPLICIT_RETAIN_SELF = YES;
				CLANG_WARN_OBJC_LITERAL_CONVERSION = YES;
				CLANG_WARN_OBJC_ROOT_CLASS = YES_ERROR;
				CLANG_WARN_QUOTED_INCLUDE_IN_FRAMEWORK_HEADER = YES;
				CLANG_WARN_RANGE_LOOP_ANALYSIS = YES;
				CLANG_WARN_STRICT_PROTOTYPES = YES;
				CLANG_WARN_SUSPICIOUS_MOVE = YES;
				CLANG_WARN_UNGUARDED_AVAILABILITY = YES_AGGRESSIVE;
				CLANG_WARN_UNREACHABLE_CODE = YES;
				CLANG_WARN__DUPLICATE_METHOD_MATCH = YES;
				COPY_PHASE_STRIP = NO;
				DEBUG_INFORMATION_FORMAT = "dwarf-with-dsym";
				ENABLE_NS_ASSERTIONS = NO;
				ENABLE_STRICT_OBJC_MSGSEND = YES;
				ENABLE_USER_SCRIPT_SANDBOXING = YES;
				GCC_C_LANGUAGE_STANDARD = gnu11;
				GCC_NO_COMMON_BLOCKS = YES;
				GCC_WARN_64_TO_32_BIT_CONVERSION = YES;
				GCC_WARN_ABOUT_RETURN_TYPE = YES_ERROR;
				GCC_WARN_UNDECLARED_SELECTOR = YES;
				GCC_WARN_UNINITIALIZED_AUTOS = YES_AGGRESSIVE;
				GCC_WARN_UNUSED_FUNCTION = YES;
				GCC_WARN_UNUSED_VARIABLE = YES;
				IPHONEOS_DEPLOYMENT_TARGET = 16.0;
				MTL_ENABLE_DEBUG_INFO = NO;
				MTL_FAST_MATH = YES;
				SDKROOT = iphoneos;
				SWIFT_COMPILATION_MODE = wholemodule;
				SWIFT_OPTIMIZATION_LEVEL = "-O";
				VALIDATE_PRODUCT = YES;
			};
			name = Release;
		};
		4F01699C2A7F164D0080DF70 /* Debug */ = {
			isa = XCBuildConfiguration;
			buildSettings = {
				ASSETCATALOG_COMPILER_APPICON_NAME = AppIcon;
				ASSETCATALOG_COMPILER_GLOBAL_ACCENT_COLOR_NAME = AccentColor;
				CODE_SIGN_ENTITLEMENTS = "Sparkling List.entitlements";
				CODE_SIGN_IDENTITY = "Apple Development";
				CODE_SIGN_STYLE = Automatic;
				CURRENT_PROJECT_VERSION = 1;
				DEVELOPMENT_ASSET_PATHS = "";
				DEVELOPMENT_TEAM = 66TT6FTG36;
				GENERATE_INFOPLIST_FILE = YES;
				INFOPLIST_FILE = "Speaks AI/Info.plist";
				INFOPLIST_KEY_CFBundleDisplayName = "Sparkling List";
				INFOPLIST_KEY_LSApplicationCategoryType = "public.app-category.productivity";
				INFOPLIST_KEY_NSCameraUsageDescription = "\"Allow camera permissions to take pictures of event of meetings to auto upload to calendar\"";
				INFOPLIST_KEY_UIApplicationSupportsIndirectInputEvents = YES;
				INFOPLIST_KEY_UILaunchStoryboardName = LaunchScreen.storyboard;
				INFOPLIST_KEY_UIMainStoryboardFile = Main;
				INFOPLIST_KEY_UIRequiresFullScreen = YES;
				INFOPLIST_KEY_UIStatusBarStyle = UIStatusBarStyleDarkContent;
				INFOPLIST_KEY_UISupportedInterfaceOrientations = "UIInterfaceOrientationPortrait UIInterfaceOrientationPortraitUpsideDown";
				INFOPLIST_KEY_UISupportedInterfaceOrientations_iPad = "UIInterfaceOrientationLandscapeRight UIInterfaceOrientationPortrait UIInterfaceOrientationPortraitUpsideDown";
				LD_RUNPATH_SEARCH_PATHS = (
					"$(inherited)",
					"@executable_path/Frameworks",
				);
				MARKETING_VERSION = 1.0;
				PRODUCT_BUNDLE_IDENTIFIER = "Sparkling-List";
				PRODUCT_NAME = "$(TARGET_NAME)";
				PROVISIONING_PROFILE_SPECIFIER = "";
				SUPPORTED_PLATFORMS = "iphoneos iphonesimulator";
				SUPPORTS_MACCATALYST = NO;
				SUPPORTS_MAC_DESIGNED_FOR_IPHONE_IPAD = NO;
				SUPPORTS_XR_DESIGNED_FOR_IPHONE_IPAD = NO;
				SWIFT_EMIT_LOC_STRINGS = YES;
				SWIFT_VERSION = 5.0;
				TARGETED_DEVICE_FAMILY = 1;
			};
			name = Debug;
		};
		4F01699D2A7F164D0080DF70 /* Release */ = {
			isa = XCBuildConfiguration;
			buildSettings = {
				ASSETCATALOG_COMPILER_APPICON_NAME = AppIcon;
				ASSETCATALOG_COMPILER_GLOBAL_ACCENT_COLOR_NAME = AccentColor;
				CODE_SIGN_ENTITLEMENTS = "Sparkling List.entitlements";
				CODE_SIGN_IDENTITY = "Apple Development";
				CODE_SIGN_STYLE = Automatic;
				CURRENT_PROJECT_VERSION = 1;
				DEVELOPMENT_ASSET_PATHS = "";
				DEVELOPMENT_TEAM = 66TT6FTG36;
				GENERATE_INFOPLIST_FILE = YES;
				INFOPLIST_FILE = "Speaks AI/Info.plist";
				INFOPLIST_KEY_CFBundleDisplayName = "Sparkling List";
				INFOPLIST_KEY_LSApplicationCategoryType = "public.app-category.productivity";
				INFOPLIST_KEY_NSCameraUsageDescription = "\"Allow camera permissions to take pictures of event of meetings to auto upload to calendar\"";
				INFOPLIST_KEY_UIApplicationSupportsIndirectInputEvents = YES;
				INFOPLIST_KEY_UILaunchStoryboardName = LaunchScreen.storyboard;
				INFOPLIST_KEY_UIMainStoryboardFile = Main;
				INFOPLIST_KEY_UIRequiresFullScreen = YES;
				INFOPLIST_KEY_UIStatusBarStyle = UIStatusBarStyleDarkContent;
				INFOPLIST_KEY_UISupportedInterfaceOrientations = "UIInterfaceOrientationPortrait UIInterfaceOrientationPortraitUpsideDown";
				INFOPLIST_KEY_UISupportedInterfaceOrientations_iPad = "UIInterfaceOrientationLandscapeRight UIInterfaceOrientationPortrait UIInterfaceOrientationPortraitUpsideDown";
				LD_RUNPATH_SEARCH_PATHS = (
					"$(inherited)",
					"@executable_path/Frameworks",
				);
				MARKETING_VERSION = 1.0;
				PRODUCT_BUNDLE_IDENTIFIER = "Sparkling-List";
				PRODUCT_NAME = "$(TARGET_NAME)";
				PROVISIONING_PROFILE_SPECIFIER = "";
				SUPPORTED_PLATFORMS = "iphoneos iphonesimulator";
				SUPPORTS_MACCATALYST = NO;
				SUPPORTS_MAC_DESIGNED_FOR_IPHONE_IPAD = NO;
				SUPPORTS_XR_DESIGNED_FOR_IPHONE_IPAD = NO;
				SWIFT_EMIT_LOC_STRINGS = YES;
				SWIFT_VERSION = 5.0;
				TARGETED_DEVICE_FAMILY = 1;
			};
			name = Release;
		};
		4F01699F2A7F164D0080DF70 /* Debug */ = {
			isa = XCBuildConfiguration;
			buildSettings = {
				ALWAYS_EMBED_SWIFT_STANDARD_LIBRARIES = YES;
				BUNDLE_LOADER = "$(TEST_HOST)";
				CODE_SIGN_IDENTITY = "Apple Development";
				CODE_SIGN_STYLE = Automatic;
				CURRENT_PROJECT_VERSION = 1;
				DEVELOPMENT_TEAM = 66TT6FTG36;
				GENERATE_INFOPLIST_FILE = YES;
				IPHONEOS_DEPLOYMENT_TARGET = 16.0;
				MARKETING_VERSION = 1.0;
				PRODUCT_BUNDLE_IDENTIFIER = "NextGen.Speaks-AITests";
				PRODUCT_NAME = "$(TARGET_NAME)";
				PROVISIONING_PROFILE_SPECIFIER = "";
				SWIFT_EMIT_LOC_STRINGS = NO;
				SWIFT_VERSION = 5.0;
				TARGETED_DEVICE_FAMILY = "1,2";
				TEST_HOST = "$(BUILT_PRODUCTS_DIR)/Sparkling List.app/$(BUNDLE_EXECUTABLE_FOLDER_PATH)/Sparkling List";
			};
			name = Debug;
		};
		4F0169A02A7F164D0080DF70 /* Release */ = {
			isa = XCBuildConfiguration;
			buildSettings = {
				ALWAYS_EMBED_SWIFT_STANDARD_LIBRARIES = YES;
				BUNDLE_LOADER = "$(TEST_HOST)";
				CODE_SIGN_IDENTITY = "Apple Development";
				CODE_SIGN_STYLE = Automatic;
				CURRENT_PROJECT_VERSION = 1;
				DEVELOPMENT_TEAM = 66TT6FTG36;
				GENERATE_INFOPLIST_FILE = YES;
				IPHONEOS_DEPLOYMENT_TARGET = 16.0;
				MARKETING_VERSION = 1.0;
				PRODUCT_BUNDLE_IDENTIFIER = "NextGen.Speaks-AITests";
				PRODUCT_NAME = "$(TARGET_NAME)";
				PROVISIONING_PROFILE_SPECIFIER = "";
				SWIFT_EMIT_LOC_STRINGS = NO;
				SWIFT_VERSION = 5.0;
				TARGETED_DEVICE_FAMILY = "1,2";
				TEST_HOST = "$(BUILT_PRODUCTS_DIR)/Sparkling List.app/$(BUNDLE_EXECUTABLE_FOLDER_PATH)/Sparkling List";
			};
			name = Release;
		};
		4F0169A22A7F164D0080DF70 /* Debug */ = {
			isa = XCBuildConfiguration;
			buildSettings = {
				ALWAYS_EMBED_SWIFT_STANDARD_LIBRARIES = YES;
				CODE_SIGN_STYLE = Automatic;
				CURRENT_PROJECT_VERSION = 1;
				DEVELOPMENT_TEAM = 66TT6FTG36;
				GENERATE_INFOPLIST_FILE = YES;
				IPHONEOS_DEPLOYMENT_TARGET = 15.5;
				MARKETING_VERSION = 1.0;
				PRODUCT_BUNDLE_IDENTIFIER = "NextGen.Speaks-AIUITests";
				PRODUCT_NAME = "$(TARGET_NAME)";
				SWIFT_EMIT_LOC_STRINGS = NO;
				SWIFT_VERSION = 5.0;
				TARGETED_DEVICE_FAMILY = "1,2";
				TEST_TARGET_NAME = "Speaks AI";
			};
			name = Debug;
		};
		4F0169A32A7F164D0080DF70 /* Release */ = {
			isa = XCBuildConfiguration;
			buildSettings = {
				ALWAYS_EMBED_SWIFT_STANDARD_LIBRARIES = YES;
				"CODE_SIGN_IDENTITY[sdk=macosx*]" = "Apple Development";
				CODE_SIGN_STYLE = Automatic;
				CURRENT_PROJECT_VERSION = 1;
				DEVELOPMENT_TEAM = 66TT6FTG36;
				GENERATE_INFOPLIST_FILE = YES;
				IPHONEOS_DEPLOYMENT_TARGET = 15.5;
				MARKETING_VERSION = 1.0;
				PRODUCT_BUNDLE_IDENTIFIER = "NextGen.Speaks-AIUITests";
				PRODUCT_NAME = "$(TARGET_NAME)";
				SWIFT_EMIT_LOC_STRINGS = NO;
				SWIFT_VERSION = 5.0;
				TARGETED_DEVICE_FAMILY = "1,2";
				TEST_TARGET_NAME = "Speaks AI";
			};
			name = Release;
		};
		4F438C832A97C4880084319E /* Debug */ = {
			isa = XCBuildConfiguration;
			buildSettings = {
				ASSETCATALOG_COMPILER_GLOBAL_ACCENT_COLOR_NAME = AccentColor;
				ASSETCATALOG_COMPILER_WIDGET_BACKGROUND_COLOR_NAME = WidgetBackground;
				CODE_SIGN_STYLE = Automatic;
				CURRENT_PROJECT_VERSION = 1;
				DEVELOPMENT_TEAM = 66TT6FTG36;
				GENERATE_INFOPLIST_FILE = YES;
				INFOPLIST_FILE = "Visual Assist/Info.plist";
				INFOPLIST_KEY_CFBundleDisplayName = "Visual Assist";
				INFOPLIST_KEY_NSHumanReadableCopyright = "";
				LD_RUNPATH_SEARCH_PATHS = (
					"$(inherited)",
					"@executable_path/Frameworks",
					"@executable_path/../../Frameworks",
				);
				MARKETING_VERSION = 1.0;
				PRODUCT_BUNDLE_IDENTIFIER = "NextGenELU.Speaks-AI.Visual-Assist";
				PRODUCT_NAME = "$(TARGET_NAME)";
				SKIP_INSTALL = YES;
				SWIFT_EMIT_LOC_STRINGS = YES;
				SWIFT_VERSION = 5.0;
				TARGETED_DEVICE_FAMILY = "1,2";
			};
			name = Debug;
		};
		4F438C842A97C4880084319E /* Release */ = {
			isa = XCBuildConfiguration;
			buildSettings = {
				ASSETCATALOG_COMPILER_GLOBAL_ACCENT_COLOR_NAME = AccentColor;
				ASSETCATALOG_COMPILER_WIDGET_BACKGROUND_COLOR_NAME = WidgetBackground;
				CODE_SIGN_STYLE = Automatic;
				CURRENT_PROJECT_VERSION = 1;
				DEVELOPMENT_TEAM = 66TT6FTG36;
				GENERATE_INFOPLIST_FILE = YES;
				INFOPLIST_FILE = "Visual Assist/Info.plist";
				INFOPLIST_KEY_CFBundleDisplayName = "Visual Assist";
				INFOPLIST_KEY_NSHumanReadableCopyright = "";
				LD_RUNPATH_SEARCH_PATHS = (
					"$(inherited)",
					"@executable_path/Frameworks",
					"@executable_path/../../Frameworks",
				);
				MARKETING_VERSION = 1.0;
				PRODUCT_BUNDLE_IDENTIFIER = "NextGenELU.Speaks-AI.Visual-Assist";
				PRODUCT_NAME = "$(TARGET_NAME)";
				SKIP_INSTALL = YES;
				SWIFT_EMIT_LOC_STRINGS = YES;
				SWIFT_VERSION = 5.0;
				TARGETED_DEVICE_FAMILY = "1,2";
			};
			name = Release;
		};
/* End XCBuildConfiguration section */

/* Begin XCConfigurationList section */
		4F0169692A7F164C0080DF70 /* Build configuration list for PBXProject "Sparkling List" */ = {
			isa = XCConfigurationList;
			buildConfigurations = (
				4F0169992A7F164D0080DF70 /* Debug */,
				4F01699A2A7F164D0080DF70 /* Release */,
			);
			defaultConfigurationIsVisible = 0;
			defaultConfigurationName = Release;
		};
		4F01699B2A7F164D0080DF70 /* Build configuration list for PBXNativeTarget "Sparkling List" */ = {
			isa = XCConfigurationList;
			buildConfigurations = (
				4F01699C2A7F164D0080DF70 /* Debug */,
				4F01699D2A7F164D0080DF70 /* Release */,
			);
			defaultConfigurationIsVisible = 0;
			defaultConfigurationName = Release;
		};
		4F01699E2A7F164D0080DF70 /* Build configuration list for PBXNativeTarget "Sparkling ListTests" */ = {
			isa = XCConfigurationList;
			buildConfigurations = (
				4F01699F2A7F164D0080DF70 /* Debug */,
				4F0169A02A7F164D0080DF70 /* Release */,
			);
			defaultConfigurationIsVisible = 0;
			defaultConfigurationName = Release;
		};
		4F0169A12A7F164D0080DF70 /* Build configuration list for PBXNativeTarget "Sparkling ListUITests" */ = {
			isa = XCConfigurationList;
			buildConfigurations = (
				4F0169A22A7F164D0080DF70 /* Debug */,
				4F0169A32A7F164D0080DF70 /* Release */,
			);
			defaultConfigurationIsVisible = 0;
			defaultConfigurationName = Release;
		};
		4F438C852A97C4880084319E /* Build configuration list for PBXNativeTarget "Visual AssistExtension" */ = {
			isa = XCConfigurationList;
			buildConfigurations = (
				4F438C832A97C4880084319E /* Debug */,
				4F438C842A97C4880084319E /* Release */,
			);
			defaultConfigurationIsVisible = 0;
			defaultConfigurationName = Release;
		};
/* End XCConfigurationList section */

/* Begin XCLocalSwiftPackageReference section */
		4F06F1B32B97A0E4001C76F5 /* XCLocalSwiftPackageReference "" */ = {
			isa = XCLocalSwiftPackageReference;
			relativePath = "";
		};
/* End XCLocalSwiftPackageReference section */

/* Begin XCRemoteSwiftPackageReference section */
		4F442D542B9FCF74008DA1DA /* XCRemoteSwiftPackageReference "AudioKit" */ = {
			isa = XCRemoteSwiftPackageReference;
			repositoryURL = "https://github.com/AudioKit/AudioKit";
			requirement = {
				kind = upToNextMajorVersion;
				minimumVersion = 5.6.3;
			};
		};
		4F8287742B97777400651F85 /* XCRemoteSwiftPackageReference "PythonKit" */ = {
			isa = XCRemoteSwiftPackageReference;
			repositoryURL = "https://github.com/pvieito/PythonKit.git";
			requirement = {
				branch = master;
				kind = branch;
			};
		};
		4FDF4AD32BBE2F7F009FEC16 /* XCRemoteSwiftPackageReference "qonversion-ios-sdk" */ = {
			isa = XCRemoteSwiftPackageReference;
			repositoryURL = "https://github.com/qonversion/qonversion-ios-sdk";
			requirement = {
				kind = upToNextMajorVersion;
				minimumVersion = 5.8.3;
			};
		};
		4FEED1A02B991CDF0014AB68 /* XCRemoteSwiftPackageReference "SQLite.swift" */ = {
			isa = XCRemoteSwiftPackageReference;
			repositoryURL = "https://github.com/stephencelis/SQLite.swift.git";
			requirement = {
				kind = upToNextMajorVersion;
				minimumVersion = 0.15.0;
			};
		};
/* End XCRemoteSwiftPackageReference section */

/* Begin XCVersionGroup section */
		4F5F49B82B4C959700530610 /* Speaks_AI.xcdatamodeld */ = {
			isa = XCVersionGroup;
			children = (
				4F5F49B92B4C959700530610 /* Speaks_AI.xcdatamodel */,
			);
			currentVersion = 4F5F49B92B4C959700530610 /* Speaks_AI.xcdatamodel */;
			path = Speaks_AI.xcdatamodeld;
			sourceTree = "<group>";
			versionGroupType = wrapper.xcdatamodel;
		};
/* End XCVersionGroup section */
	};
	rootObject = 4F0169662A7F164C0080DF70 /* Project object */;
}
